
Microsoft Visual Studio Solution File, Format Version 12.00
# Visual Studio 14
VisualStudioVersion = 14.0.25420.1
MinimumVisualStudioVersion = 10.0.40219.1
Project("{FAE04EC0-301F-11D3-BF4B-00C04F79EFBC}") = "14_Charca_Cumplidos", "14_Charca_Cumplidos\14_Charca_Cumplidos.csproj", "{84E93421-93A1-4625-9FE2-6D20464DF16B}"
EndProject
Global
	GlobalSection(SolutionConfigurationPlatforms) = preSolution
		Debug|Any CPU = Debug|Any CPU
		Release|Any CPU = Release|Any CPU
	EndGlobalSection
	GlobalSection(ProjectConfigurationPlatforms) = postSolution
		{84E93421-93A1-4625-9FE2-6D20464DF16B}.Debug|Any CPU.ActiveCfg = Debug|Any CPU
		{84E93421-93A1-4625-9FE2-6D20464DF16B}.Debug|Any CPU.Build.0 = Debug|Any CPU
		{84E93421-93A1-4625-9FE2-6D20464DF16B}.Release|Any CPU.ActiveCfg = Release|Any CPU
		{84E93421-93A1-4625-9FE2-6D20464DF16B}.Release|Any CPU.Build.0 = Release|Any CPU
	EndGlobalSection
	GlobalSection(SolutionProperties) = preSolution
		HideSolutionNode = FALSE
	EndGlobalSection
EndGlobal
